// !$*UTF8*$!
{
	archiveVersion = 1;
	classes = {
	};
	objectVersion = 48;
	objects = {

/* Begin PBXBuildFile section */
		34785CE31FEE4454008F7DE8 /* LogWindowController.xib in Resources */ = {isa = PBXBuildFile; fileRef = 34785CE01FEE4453008F7DE8 /* LogWindowController.xib */; };
		34785CE41FEE4454008F7DE8 /* LineNumberRulerView.swift in Sources */ = {isa = PBXBuildFile; fileRef = 34785CE11FEE4453008F7DE8 /* LineNumberRulerView.swift */; };
		34785CE51FEE4454008F7DE8 /* MMLogWindowController.swift in Sources */ = {isa = PBXBuildFile; fileRef = 34785CE21FEE4454008F7DE8 /* MMLogWindowController.swift */; };
		34785D1F1FEEE29D008F7DE8 /* ScreenShot.png in Resources */ = {isa = PBXBuildFile; fileRef = 34785D1E1FEEE29D008F7DE8 /* ScreenShot.png */; };
		34CADAF81FEE43B000AEE94B /* AppDelegate.swift in Sources */ = {isa = PBXBuildFile; fileRef = 34CADAF71FEE43B000AEE94B /* AppDelegate.swift */; };
		34CADAFA1FEE43B000AEE94B /* ViewController.swift in Sources */ = {isa = PBXBuildFile; fileRef = 34CADAF91FEE43B000AEE94B /* ViewController.swift */; };
		34CADAFC1FEE43B000AEE94B /* Assets.xcassets in Resources */ = {isa = PBXBuildFile; fileRef = 34CADAFB1FEE43B000AEE94B /* Assets.xcassets */; };
		34CADAFF1FEE43B000AEE94B /* Main.storyboard in Resources */ = {isa = PBXBuildFile; fileRef = 34CADAFD1FEE43B000AEE94B /* Main.storyboard */; };
/* End PBXBuildFile section */

/* Begin PBXFileReference section */
		34785CE01FEE4453008F7DE8 /* LogWindowController.xib */ = {isa = PBXFileReference; fileEncoding = 4; lastKnownFileType = file.xib; path = LogWindowController.xib; sourceTree = "<group>"; };
		34785CE11FEE4453008F7DE8 /* LineNumberRulerView.swift */ = {isa = PBXFileReference; fileEncoding = 4; lastKnownFileType = sourcecode.swift; path = LineNumberRulerView.swift; sourceTree = "<group>"; };
		34785CE21FEE4454008F7DE8 /* MMLogWindowController.swift */ = {isa = PBXFileReference; fileEncoding = 4; lastKnownFileType = sourcecode.swift; path = MMLogWindowController.swift; sourceTree = "<group>"; };
		34785D1E1FEEE29D008F7DE8 /* ScreenShot.png */ = {isa = PBXFileReference; lastKnownFileType = image.png; path = ScreenShot.png; sourceTree = "<group>"; };
		34CADAF41FEE43AF00AEE94B /* MMLogWindowExample.app */ = {isa = PBXFileReference; explicitFileType = wrapper.application; includeInIndex = 0; path = MMLogWindowExample.app; sourceTree = BUILT_PRODUCTS_DIR; };
		34CADAF71FEE43B000AEE94B /* AppDelegate.swift */ = {isa = PBXFileReference; lastKnownFileType = sourcecode.swift; path = AppDelegate.swift; sourceTree = "<group>"; };
		34CADAF91FEE43B000AEE94B /* ViewController.swift */ = {isa = PBXFileReference; lastKnownFileType = sourcecode.swift; path = ViewController.swift; sourceTree = "<group>"; };
		34CADAFB1FEE43B000AEE94B /* Assets.xcassets */ = {isa = PBXFileReference; lastKnownFileType = folder.assetcatalog; path = Assets.xcassets; sourceTree = "<group>"; };
		34CADAFE1FEE43B000AEE94B /* Base */ = {isa = PBXFileReference; lastKnownFileType = file.storyboard; name = Base; path = Base.lproj/Main.storyboard; sourceTree = "<group>"; };
		34CADB001FEE43B000AEE94B /* Info.plist */ = {isa = PBXFileReference; lastKnownFileType = text.plist.xml; path = Info.plist; sourceTree = "<group>"; };
		34CADB011FEE43B000AEE94B /* MMLogWindowExample.entitlements */ = {isa = PBXFileReference; lastKnownFileType = text.plist.entitlements; path = MMLogWindowExample.entitlements; sourceTree = "<group>"; };
/* End PBXFileReference section */

/* Begin PBXFrameworksBuildPhase section */
		34CADAF11FEE43AF00AEE94B /* Frameworks */ = {
			isa = PBXFrameworksBuildPhase;
			buildActionMask = 2147483647;
			files = (
			);
			runOnlyForDeploymentPostprocessing = 0;
		};
/* End PBXFrameworksBuildPhase section */

/* Begin PBXGroup section */
		34785CDD1FEE43CD008F7DE8 /* MMLogWindow */ = {
			isa = PBXGroup;
			children = (
				34785CDF1FEE43DE008F7DE8 /* Assets */,
				34785CDE1FEE43D7008F7DE8 /* Classes */,
			);
			path = MMLogWindow;
			sourceTree = "<group>";
		};
		34785CDE1FEE43D7008F7DE8 /* Classes */ = {
			isa = PBXGroup;
			children = (
				34785CE11FEE4453008F7DE8 /* LineNumberRulerView.swift */,
				34785CE01FEE4453008F7DE8 /* LogWindowController.xib */,
				34785CE21FEE4454008F7DE8 /* MMLogWindowController.swift */,
			);
			path = Classes;
			sourceTree = "<group>";
		};
		34785CDF1FEE43DE008F7DE8 /* Assets */ = {
			isa = PBXGroup;
			children = (
				34785D1E1FEEE29D008F7DE8 /* ScreenShot.png */,
			);
			path = Assets;
			sourceTree = "<group>";
		};
		34CADAEB1FEE43AF00AEE94B = {
			isa = PBXGroup;
			children = (
				34785CDD1FEE43CD008F7DE8 /* MMLogWindow */,
				34CADAF61FEE43AF00AEE94B /* MMLogWindowExample */,
				34CADAF51FEE43AF00AEE94B /* Products */,
			);
			sourceTree = "<group>";
		};
		34CADAF51FEE43AF00AEE94B /* Products */ = {
			isa = PBXGroup;
			children = (
				34CADAF41FEE43AF00AEE94B /* MMLogWindowExample.app */,
			);
			name = Products;
			sourceTree = "<group>";
		};
		34CADAF61FEE43AF00AEE94B /* MMLogWindowExample */ = {
			isa = PBXGroup;
			children = (
				34CADAF71FEE43B000AEE94B /* AppDelegate.swift */,
				34CADAF91FEE43B000AEE94B /* ViewController.swift */,
				34CADAFB1FEE43B000AEE94B /* Assets.xcassets */,
				34CADAFD1FEE43B000AEE94B /* Main.storyboard */,
				34CADB001FEE43B000AEE94B /* Info.plist */,
				34CADB011FEE43B000AEE94B /* MMLogWindowExample.entitlements */,
			);
			path = MMLogWindowExample;
			sourceTree = "<group>";
		};
/* End PBXGroup section */

/* Begin PBXNativeTarget section */
		34CADAF31FEE43AF00AEE94B /* MMLogWindowExample */ = {
			isa = PBXNativeTarget;
			buildConfigurationList = 34CADB041FEE43B000AEE94B /* Build configuration list for PBXNativeTarget "MMLogWindowExample" */;
			buildPhases = (
				34CADAF01FEE43AF00AEE94B /* Sources */,
				34CADAF11FEE43AF00AEE94B /* Frameworks */,
				34CADAF21FEE43AF00AEE94B /* Resources */,
			);
			buildRules = (
			);
			dependencies = (
			);
			name = MMLogWindowExample;
			productName = MMLogWindowExample;
			productReference = 34CADAF41FEE43AF00AEE94B /* MMLogWindowExample.app */;
			productType = "com.apple.product-type.application";
		};
/* End PBXNativeTarget section */

/* Begin PBXProject section */
		34CADAEC1FEE43AF00AEE94B /* Project object */ = {
			isa = PBXProject;
			attributes = {
				LastSwiftUpdateCheck = 0920;
				LastUpgradeCheck = 0920;
				ORGANIZATIONNAME = "Matthew Merritt";
				TargetAttributes = {
					34CADAF31FEE43AF00AEE94B = {
						CreatedOnToolsVersion = 9.2;
						ProvisioningStyle = Automatic;
					};
				};
			};
			buildConfigurationList = 34CADAEF1FEE43AF00AEE94B /* Build configuration list for PBXProject "MMLogWindowExample" */;
			compatibilityVersion = "Xcode 8.0";
			developmentRegion = en;
			hasScannedForEncodings = 0;
			knownRegions = (
				en,
				Base,
			);
			mainGroup = 34CADAEB1FEE43AF00AEE94B;
			productRefGroup = 34CADAF51FEE43AF00AEE94B /* Products */;
			projectDirPath = "";
			projectRoot = "";
			targets = (
				34CADAF31FEE43AF00AEE94B /* MMLogWindowExample */,
			);
		};
/* End PBXProject section */

/* Begin PBXResourcesBuildPhase section */
		34CADAF21FEE43AF00AEE94B /* Resources */ = {
			isa = PBXResourcesBuildPhase;
			buildActionMask = 2147483647;
			files = (
				34CADAFC1FEE43B000AEE94B /* Assets.xcassets in Resources */,
				34CADAFF1FEE43B000AEE94B /* Main.storyboard in Resources */,
				34785CE31FEE4454008F7DE8 /* LogWindowController.xib in Resources */,
				34785D1F1FEEE29D008F7DE8 /* ScreenShot.png in Resources */,
			);
			runOnlyForDeploymentPostprocessing = 0;
		};
/* End PBXResourcesBuildPhase section */

/* Begin PBXSourcesBuildPhase section */
		34CADAF01FEE43AF00AEE94B /* Sources */ = {
			isa = PBXSourcesBuildPhase;
			buildActionMask = 2147483647;
			files = (
				34785CE41FEE4454008F7DE8 /* LineNumberRulerView.swift in Sources */,
				34CADAFA1FEE43B000AEE94B /* ViewController.swift in Sources */,
				34785CE51FEE4454008F7DE8 /* MMLogWindowController.swift in Sources */,
				34CADAF81FEE43B000AEE94B /* AppDelegate.swift in Sources */,
			);
			runOnlyForDeploymentPostprocessing = 0;
		};
/* End PBXSourcesBuildPhase section */

/* Begin PBXVariantGroup section */
		34CADAFD1FEE43B000AEE94B /* Main.storyboard */ = {
			isa = PBXVariantGroup;
			children = (
				34CADAFE1FEE43B000AEE94B /* Base */,
			);
			name = Main.storyboard;
			sourceTree = "<group>";
		};
/* End PBXVariantGroup section */

/* Begin XCBuildConfiguration section */
		34CADB021FEE43B000AEE94B /* Debug */ = {
			isa = XCBuildConfiguration;
			buildSettings = {
				ALWAYS_SEARCH_USER_PATHS = NO;
				CLANG_ANALYZER_NONNULL = YES;
				CLANG_ANALYZER_NUMBER_OBJECT_CONVERSION = YES_AGGRESSIVE;
				CLANG_CXX_LANGUAGE_STANDARD = "gnu++14";
				CLANG_CXX_LIBRARY = "libc++";
				CLANG_ENABLE_MODULES = YES;
				CLANG_ENABLE_OBJC_ARC = YES;
				CLANG_WARN_BLOCK_CAPTURE_AUTORELEASING = YES;
				CLANG_WARN_BOOL_CONVERSION = YES;
				CLANG_WARN_COMMA = YES;
				CLANG_WARN_CONSTANT_CONVERSION = YES;
				CLANG_WARN_DIRECT_OBJC_ISA_USAGE = YES_ERROR;
				CLANG_WARN_DOCUMENTATION_COMMENTS = YES;
				CLANG_WARN_EMPTY_BODY = YES;
				CLANG_WARN_ENUM_CONVERSION = YES;
				CLANG_WARN_INFINITE_RECURSION = YES;
				CLANG_WARN_INT_CONVERSION = YES;
				CLANG_WARN_NON_LITERAL_NULL_CONVERSION = YES;
				CLANG_WARN_OBJC_LITERAL_CONVERSION = YES;
				CLANG_WARN_OBJC_ROOT_CLASS = YES_ERROR;
				CLANG_WARN_RANGE_LOOP_ANALYSIS = YES;
				CLANG_WARN_STRICT_PROTOTYPES = YES;
				CLANG_WARN_SUSPICIOUS_MOVE = YES;
				CLANG_WARN_UNGUARDED_AVAILABILITY = YES_AGGRESSIVE;
				CLANG_WARN_UNREACHABLE_CODE = YES;
				CLANG_WARN__DUPLICATE_METHOD_MATCH = YES;
				CODE_SIGN_IDENTITY = "Mac Developer";
				COPY_PHASE_STRIP = NO;
				DEBUG_INFORMATION_FORMAT = dwarf;
				ENABLE_STRICT_OBJC_MSGSEND = YES;
				ENABLE_TESTABILITY = YES;
				GCC_C_LANGUAGE_STANDARD = gnu11;
				GCC_DYNAMIC_NO_PIC = NO;
				GCC_NO_COMMON_BLOCKS = YES;
				GCC_OPTIMIZATION_LEVEL = 0;
				GCC_PREPROCESSOR_DEFINITIONS = (
					"DEBUG=1",
					"$(inherited)",
				);
				GCC_WARN_64_TO_32_BIT_CONVERSION = YES;
				GCC_WARN_ABOUT_RETURN_TYPE = YES_ERROR;
				GCC_WARN_UNDECLARED_SELECTOR = YES;
				GCC_WARN_UNINITIALIZED_AUTOS = YES_AGGRESSIVE;
				GCC_WARN_UNUSED_FUNCTION = YES;
				GCC_WARN_UNUSED_VARIABLE = YES;
				MACOSX_DEPLOYMENT_TARGET = 10.13;
				MTL_ENABLE_DEBUG_INFO = YES;
				ONLY_ACTIVE_ARCH = YES;
				SDKROOT = macosx;
				SWIFT_ACTIVE_COMPILATION_CONDITIONS = DEBUG;
				SWIFT_OPTIMIZATION_LEVEL = "-Onone";
			};
			name = Debug;
		};
		34CADB031FEE43B000AEE94B /* Release */ = {
			isa = XCBuildConfiguration;
			buildSettings = {
				ALWAYS_SEARCH_USER_PATHS = NO;
				CLANG_ANALYZER_NONNULL = YES;
				CLANG_ANALYZER_NUMBER_OBJECT_CONVERSION = YES_AGGRESSIVE;
				CLANG_CXX_LANGUAGE_STANDARD = "gnu++14";
				CLANG_CXX_LIBRARY = "libc++";
				CLANG_ENABLE_MODULES = YES;
				CLANG_ENABLE_OBJC_ARC = YES;
				CLANG_WARN_BLOCK_CAPTURE_AUTORELEASING = YES;
				CLANG_WARN_BOOL_CONVERSION = YES;
				CLANG_WARN_COMMA = YES;
				CLANG_WARN_CONSTANT_CONVERSION = YES;
				CLANG_WARN_DIRECT_OBJC_ISA_USAGE = YES_ERROR;
				CLANG_WARN_DOCUMENTATION_COMMENTS = YES;
				CLANG_WARN_EMPTY_BODY = YES;
				CLANG_WARN_ENUM_CONVERSION = YES;
				CLANG_WARN_INFINITE_RECURSION = YES;
				CLANG_WARN_INT_CONVERSION = YES;
				CLANG_WARN_NON_LITERAL_NULL_CONVERSION = YES;
				CLANG_WARN_OBJC_LITERAL_CONVERSION = YES;
				CLANG_WARN_OBJC_ROOT_CLASS = YES_ERROR;
				CLANG_WARN_RANGE_LOOP_ANALYSIS = YES;
				CLANG_WARN_STRICT_PROTOTYPES = YES;
				CLANG_WARN_SUSPICIOUS_MOVE = YES;
				CLANG_WARN_UNGUARDED_AVAILABILITY = YES_AGGRESSIVE;
				CLANG_WARN_UNREACHABLE_CODE = YES;
				CLANG_WARN__DUPLICATE_METHOD_MATCH = YES;
				CODE_SIGN_IDENTITY = "Mac Developer";
				COPY_PHASE_STRIP = NO;
				DEBUG_INFORMATION_FORMAT = "dwarf-with-dsym";
				ENABLE_NS_ASSERTIONS = NO;
				ENABLE_STRICT_OBJC_MSGSEND = YES;
				GCC_C_LANGUAGE_STANDARD = gnu11;
				GCC_NO_COMMON_BLOCKS = YES;
				GCC_WARN_64_TO_32_BIT_CONVERSION = YES;
				GCC_WARN_ABOUT_RETURN_TYPE = YES_ERROR;
				GCC_WARN_UNDECLARED_SELECTOR = YES;
				GCC_WARN_UNINITIALIZED_AUTOS = YES_AGGRESSIVE;
				GCC_WARN_UNUSED_FUNCTION = YES;
				GCC_WARN_UNUSED_VARIABLE = YES;
				MACOSX_DEPLOYMENT_TARGET = 10.13;
				MTL_ENABLE_DEBUG_INFO = NO;
				SDKROOT = macosx;
				SWIFT_OPTIMIZATION_LEVEL = "-Owholemodule";
			};
			name = Release;
		};
		34CADB051FEE43B000AEE94B /* Debug */ = {
			isa = XCBuildConfiguration;
			buildSettings = {
				ASSETCATALOG_COMPILER_APPICON_NAME = AppIcon;
				CODE_SIGN_ENTITLEMENTS = MMLogWindowExample/MMLogWindowExample.entitlements;
				CODE_SIGN_STYLE = Automatic;
				COMBINE_HIDPI_IMAGES = YES;
				DEVELOPMENT_TEAM = 2HC2T3EY4F;
				INFOPLIST_FILE = MMLogWindowExample/Info.plist;
				LD_RUNPATH_SEARCH_PATHS = "$(inherited) @executable_path/../Frameworks";
				PRODUCT_BUNDLE_IDENTIFIER = MerrittWare.MMLogWindowExample;
				PRODUCT_NAME = "$(TARGET_NAME)";
				SWIFT_VERSION = 4.0;
			};
			name = Debug;
		};
		34CADB061FEE43B000AEE94B /* Release */ = {
			isa = XCBuildConfiguration;
			buildSettings = {
				ASSETCATALOG_COMPILER_APPICON_NAME = AppIcon;
				CODE_SIGN_ENTITLEMENTS = MMLogWindowExample/MMLogWindowExample.entitlements;
				CODE_SIGN_STYLE = Automatic;
				COMBINE_HIDPI_IMAGES = YES;
				DEVELOPMENT_TEAM = 2HC2T3EY4F;
				INFOPLIST_FILE = MMLogWindowExample/Info.plist;
				LD_RUNPATH_SEARCH_PATHS = "$(inherited) @executable_path/../Frameworks";
				PRODUCT_BUNDLE_IDENTIFIER = MerrittWare.MMLogWindowExample;
				PRODUCT_NAME = "$(TARGET_NAME)";
				SWIFT_VERSION = 4.0;
			};
			name = Release;
		};
/* End XCBuildConfiguration section */

/* Begin XCConfigurationList section */
		34CADAEF1FEE43AF00AEE94B /* Build configuration list for PBXProject "MMLogWindowExample" */ = {
			isa = XCConfigurationList;
			buildConfigurations = (
				34CADB021FEE43B000AEE94B /* Debug */,
				34CADB031FEE43B000AEE94B /* Release */,
			);
			defaultConfigurationIsVisible = 0;
			defaultConfigurationName = Release;
		};
		34CADB041FEE43B000AEE94B /* Build configuration list for PBXNativeTarget "MMLogWindowExample" */ = {
			isa = XCConfigurationList;
			buildConfigurations = (
				34CADB051FEE43B000AEE94B /* Debug */,
				34CADB061FEE43B000AEE94B /* Release */,
			);
			defaultConfigurationIsVisible = 0;
			defaultConfigurationName = Release;
		};
/* End XCConfigurationList section */
	};
	rootObject = 34CADAEC1FEE43AF00AEE94B /* Project object */;
}
